// !$*UTF8*$!
{
	archiveVersion = 1;
	classes = {
	};
	objectVersion = 56;
	objects = {

/* Begin PBXBuildFile section */
		EEA9C1C92BFF77A10083BC9A /* PlankCameraService.swift in Sources */ = {isa = PBXBuildFile; fileRef = EEA9C1C82BFF77A10083BC9A /* PlankCameraService.swift */; };
		EEA9C1CB2BFF79230083BC9A /* PlankExercise.swift in Sources */ = {isa = PBXBuildFile; fileRef = EEA9C1CA2BFF79230083BC9A /* PlankExercise.swift */; };
		EEA9C1CE2BFF9C810083BC9A /* LegRaiseCameraService.swift in Sources */ = {isa = PBXBuildFile; fileRef = EEA9C1CD2BFF9C810083BC9A /* LegRaiseCameraService.swift */; };
		EEA9C1D02BFF9CAF0083BC9A /* LegRaiseExercise.swift in Sources */ = {isa = PBXBuildFile; fileRef = EEA9C1CF2BFF9CAF0083BC9A /* LegRaiseExercise.swift */; };
		F95EC5962BFF68CD00164CE7 /* SelfFItApp.swift in Sources */ = {isa = PBXBuildFile; fileRef = F95EC5952BFF68CD00164CE7 /* SelfFItApp.swift */; };
		F95EC5982BFF68CD00164CE7 /* ContentView.swift in Sources */ = {isa = PBXBuildFile; fileRef = F95EC5972BFF68CD00164CE7 /* ContentView.swift */; };
		F95EC59C2BFF68D000164CE7 /* Assets.xcassets in Resources */ = {isa = PBXBuildFile; fileRef = F95EC59B2BFF68D000164CE7 /* Assets.xcassets */; };
		F95EC59F2BFF68D000164CE7 /* Preview Assets.xcassets in Resources */ = {isa = PBXBuildFile; fileRef = F95EC59E2BFF68D000164CE7 /* Preview Assets.xcassets */; };
		F95EC5A72BFF6CEB00164CE7 /* HistoryList.swift in Sources */ = {isa = PBXBuildFile; fileRef = F95EC5A62BFF6CEB00164CE7 /* HistoryList.swift */; };
		F95EC5AB2BFF6D6800164CE7 /* ExerciseHome.swift in Sources */ = {isa = PBXBuildFile; fileRef = F95EC5AA2BFF6D6800164CE7 /* ExerciseHome.swift */; };
		F95EC5B02BFF6DBE00164CE7 /* History.swift in Sources */ = {isa = PBXBuildFile; fileRef = F95EC5AF2BFF6DBE00164CE7 /* History.swift */; };
/* End PBXBuildFile section */

/* Begin PBXFileReference section */
		EEA9C1C82BFF77A10083BC9A /* PlankCameraService.swift */ = {isa = PBXFileReference; lastKnownFileType = sourcecode.swift; path = PlankCameraService.swift; sourceTree = "<group>"; };
		EEA9C1CA2BFF79230083BC9A /* PlankExercise.swift */ = {isa = PBXFileReference; lastKnownFileType = sourcecode.swift; path = PlankExercise.swift; sourceTree = "<group>"; };
		EEA9C1CD2BFF9C810083BC9A /* LegRaiseCameraService.swift */ = {isa = PBXFileReference; lastKnownFileType = sourcecode.swift; path = LegRaiseCameraService.swift; sourceTree = "<group>"; };
		EEA9C1CF2BFF9CAF0083BC9A /* LegRaiseExercise.swift */ = {isa = PBXFileReference; lastKnownFileType = sourcecode.swift; path = LegRaiseExercise.swift; sourceTree = "<group>"; };
		F95EC5922BFF68CD00164CE7 /* SelfFIt.app */ = {isa = PBXFileReference; explicitFileType = wrapper.application; includeInIndex = 0; path = SelfFIt.app; sourceTree = BUILT_PRODUCTS_DIR; };
		F95EC5952BFF68CD00164CE7 /* SelfFItApp.swift */ = {isa = PBXFileReference; lastKnownFileType = sourcecode.swift; path = SelfFItApp.swift; sourceTree = "<group>"; };
		F95EC5972BFF68CD00164CE7 /* ContentView.swift */ = {isa = PBXFileReference; lastKnownFileType = sourcecode.swift; path = ContentView.swift; sourceTree = "<group>"; };
		F95EC59B2BFF68D000164CE7 /* Assets.xcassets */ = {isa = PBXFileReference; lastKnownFileType = folder.assetcatalog; path = Assets.xcassets; sourceTree = "<group>"; };
		F95EC59E2BFF68D000164CE7 /* Preview Assets.xcassets */ = {isa = PBXFileReference; lastKnownFileType = folder.assetcatalog; path = "Preview Assets.xcassets"; sourceTree = "<group>"; };
		F95EC5A52BFF696500164CE7 /* Info.plist */ = {isa = PBXFileReference; lastKnownFileType = text.plist; path = Info.plist; sourceTree = "<group>"; };
		F95EC5A62BFF6CEB00164CE7 /* HistoryList.swift */ = {isa = PBXFileReference; lastKnownFileType = sourcecode.swift; path = HistoryList.swift; sourceTree = "<group>"; };
		F95EC5AA2BFF6D6800164CE7 /* ExerciseHome.swift */ = {isa = PBXFileReference; lastKnownFileType = sourcecode.swift; path = ExerciseHome.swift; sourceTree = "<group>"; };
		F95EC5AF2BFF6DBE00164CE7 /* History.swift */ = {isa = PBXFileReference; lastKnownFileType = sourcecode.swift; path = History.swift; sourceTree = "<group>"; };
/* End PBXFileReference section */

/* Begin PBXFrameworksBuildPhase section */
		F95EC58F2BFF68CD00164CE7 /* Frameworks */ = {
			isa = PBXFrameworksBuildPhase;
			buildActionMask = 2147483647;
			files = (
			);
			runOnlyForDeploymentPostprocessing = 0;
		};
/* End PBXFrameworksBuildPhase section */

/* Begin PBXGroup section */
		EEA9C1C62BFF77640083BC9A /* Exercise Activity */ = {
			isa = PBXGroup;
			children = (
				EEA9C1CC2BFF9C5E0083BC9A /* LegRise */,
				EEA9C1C72BFF777D0083BC9A /* Plank */,
			);
			path = "Exercise Activity";
			sourceTree = "<group>";
		};
		EEA9C1C72BFF777D0083BC9A /* Plank */ = {
			isa = PBXGroup;
			children = (
				EEA9C1C82BFF77A10083BC9A /* PlankCameraService.swift */,
				EEA9C1CA2BFF79230083BC9A /* PlankExercise.swift */,
			);
			path = Plank;
			sourceTree = "<group>";
		};
		EEA9C1CC2BFF9C5E0083BC9A /* LegRise */ = {
			isa = PBXGroup;
			children = (
				EEA9C1CD2BFF9C810083BC9A /* LegRaiseCameraService.swift */,
				EEA9C1CF2BFF9CAF0083BC9A /* LegRaiseExercise.swift */,
			);
			path = LegRise;
			sourceTree = "<group>";
		};
		F95EC5892BFF68CD00164CE7 = {
			isa = PBXGroup;
			children = (
				F95EC5942BFF68CD00164CE7 /* SelfFIt */,
				F95EC5932BFF68CD00164CE7 /* Products */,
			);
			sourceTree = "<group>";
		};
		F95EC5932BFF68CD00164CE7 /* Products */ = {
			isa = PBXGroup;
			children = (
				F95EC5922BFF68CD00164CE7 /* SelfFIt.app */,
			);
			name = Products;
			sourceTree = "<group>";
		};
		F95EC5942BFF68CD00164CE7 /* SelfFIt */ = {
			isa = PBXGroup;
			children = (
				F95EC5A52BFF696500164CE7 /* Info.plist */,
				F95EC5952BFF68CD00164CE7 /* SelfFItApp.swift */,
				F95EC5AE2BFF6DA400164CE7 /* Model */,
				F95EC5B12BFF6DCE00164CE7 /* View */,
				F95EC59B2BFF68D000164CE7 /* Assets.xcassets */,
				F95EC59D2BFF68D000164CE7 /* Preview Content */,
			);
			path = SelfFIt;
			sourceTree = "<group>";
		};
		F95EC59D2BFF68D000164CE7 /* Preview Content */ = {
			isa = PBXGroup;
			children = (
				F95EC59E2BFF68D000164CE7 /* Preview Assets.xcassets */,
			);
			path = "Preview Content";
			sourceTree = "<group>";
		};
		F95EC5AC2BFF6D7600164CE7 /* Exercise */ = {
			isa = PBXGroup;
			children = (
				F95EC5AA2BFF6D6800164CE7 /* ExerciseHome.swift */,
			);
			path = Exercise;
			sourceTree = "<group>";
		};
		F95EC5AD2BFF6D9000164CE7 /* History */ = {
			isa = PBXGroup;
			children = (
				F95EC5A62BFF6CEB00164CE7 /* HistoryList.swift */,
			);
			path = History;
			sourceTree = "<group>";
		};
		F95EC5AE2BFF6DA400164CE7 /* Model */ = {
			isa = PBXGroup;
			children = (
				F95EC5AF2BFF6DBE00164CE7 /* History.swift */,
			);
			path = Model;
			sourceTree = "<group>";
		};
		F95EC5B12BFF6DCE00164CE7 /* View */ = {
			isa = PBXGroup;
			children = (
				EEA9C1C62BFF77640083BC9A /* Exercise Activity */,
				F95EC5972BFF68CD00164CE7 /* ContentView.swift */,
				F95EC5AC2BFF6D7600164CE7 /* Exercise */,
				F95EC5AD2BFF6D9000164CE7 /* History */,
			);
			path = View;
			sourceTree = "<group>";
		};
/* End PBXGroup section */

/* Begin PBXNativeTarget section */
		F95EC5912BFF68CD00164CE7 /* SelfFIt */ = {
			isa = PBXNativeTarget;
			buildConfigurationList = F95EC5A22BFF68D000164CE7 /* Build configuration list for PBXNativeTarget "SelfFIt" */;
			buildPhases = (
				F95EC58E2BFF68CD00164CE7 /* Sources */,
				F95EC58F2BFF68CD00164CE7 /* Frameworks */,
				F95EC5902BFF68CD00164CE7 /* Resources */,
			);
			buildRules = (
			);
			dependencies = (
			);
			name = SelfFIt;
			productName = SelfFIt;
			productReference = F95EC5922BFF68CD00164CE7 /* SelfFIt.app */;
			productType = "com.apple.product-type.application";
		};
/* End PBXNativeTarget section */

/* Begin PBXProject section */
		F95EC58A2BFF68CD00164CE7 /* Project object */ = {
			isa = PBXProject;
			attributes = {
				BuildIndependentTargetsInParallel = 1;
				LastSwiftUpdateCheck = 1530;
				LastUpgradeCheck = 1530;
				TargetAttributes = {
					F95EC5912BFF68CD00164CE7 = {
						CreatedOnToolsVersion = 15.3;
					};
				};
			};
			buildConfigurationList = F95EC58D2BFF68CD00164CE7 /* Build configuration list for PBXProject "SelfFIt" */;
			compatibilityVersion = "Xcode 14.0";
			developmentRegion = en;
			hasScannedForEncodings = 0;
			knownRegions = (
				en,
				Base,
			);
			mainGroup = F95EC5892BFF68CD00164CE7;
			productRefGroup = F95EC5932BFF68CD00164CE7 /* Products */;
			projectDirPath = "";
			projectRoot = "";
			targets = (
				F95EC5912BFF68CD00164CE7 /* SelfFIt */,
			);
		};
/* End PBXProject section */

/* Begin PBXResourcesBuildPhase section */
		F95EC5902BFF68CD00164CE7 /* Resources */ = {
			isa = PBXResourcesBuildPhase;
			buildActionMask = 2147483647;
			files = (
				F95EC59F2BFF68D000164CE7 /* Preview Assets.xcassets in Resources */,
				F95EC59C2BFF68D000164CE7 /* Assets.xcassets in Resources */,
			);
			runOnlyForDeploymentPostprocessing = 0;
		};
/* End PBXResourcesBuildPhase section */

/* Begin PBXSourcesBuildPhase section */
		F95EC58E2BFF68CD00164CE7 /* Sources */ = {
			isa = PBXSourcesBuildPhase;
			buildActionMask = 2147483647;
			files = (
				F95EC5B02BFF6DBE00164CE7 /* History.swift in Sources */,
				EEA9C1C92BFF77A10083BC9A /* PlankCameraService.swift in Sources */,
				F95EC5982BFF68CD00164CE7 /* ContentView.swift in Sources */,
				F95EC5A72BFF6CEB00164CE7 /* HistoryList.swift in Sources */,
				EEA9C1CE2BFF9C810083BC9A /* LegRaiseCameraService.swift in Sources */,
				F95EC5962BFF68CD00164CE7 /* SelfFItApp.swift in Sources */,
				EEA9C1D02BFF9CAF0083BC9A /* LegRaiseExercise.swift in Sources */,
				F95EC5AB2BFF6D6800164CE7 /* ExerciseHome.swift in Sources */,
				EEA9C1CB2BFF79230083BC9A /* PlankExercise.swift in Sources */,
			);
			runOnlyForDeploymentPostprocessing = 0;
		};
/* End PBXSourcesBuildPhase section */

/* Begin XCBuildConfiguration section */
		F95EC5A02BFF68D000164CE7 /* Debug */ = {
			isa = XCBuildConfiguration;
			buildSettings = {
				ALWAYS_SEARCH_USER_PATHS = NO;
				ASSETCATALOG_COMPILER_GENERATE_SWIFT_ASSET_SYMBOL_EXTENSIONS = YES;
				CLANG_ANALYZER_NONNULL = YES;
				CLANG_ANALYZER_NUMBER_OBJECT_CONVERSION = YES_AGGRESSIVE;
				CLANG_CXX_LANGUAGE_STANDARD = "gnu++20";
				CLANG_ENABLE_MODULES = YES;
				CLANG_ENABLE_OBJC_ARC = YES;
				CLANG_ENABLE_OBJC_WEAK = YES;
				CLANG_WARN_BLOCK_CAPTURE_AUTORELEASING = YES;
				CLANG_WARN_BOOL_CONVERSION = YES;
				CLANG_WARN_COMMA = YES;
				CLANG_WARN_CONSTANT_CONVERSION = YES;
				CLANG_WARN_DEPRECATED_OBJC_IMPLEMENTATIONS = YES;
				CLANG_WARN_DIRECT_OBJC_ISA_USAGE = YES_ERROR;
				CLANG_WARN_DOCUMENTATION_COMMENTS = YES;
				CLANG_WARN_EMPTY_BODY = YES;
				CLANG_WARN_ENUM_CONVERSION = YES;
				CLANG_WARN_INFINITE_RECURSION = YES;
				CLANG_WARN_INT_CONVERSION = YES;
				CLANG_WARN_NON_LITERAL_NULL_CONVERSION = YES;
				CLANG_WARN_OBJC_IMPLICIT_RETAIN_SELF = YES;
				CLANG_WARN_OBJC_LITERAL_CONVERSION = YES;
				CLANG_WARN_OBJC_ROOT_CLASS = YES_ERROR;
				CLANG_WARN_QUOTED_INCLUDE_IN_FRAMEWORK_HEADER = YES;
				CLANG_WARN_RANGE_LOOP_ANALYSIS = YES;
				CLANG_WARN_STRICT_PROTOTYPES = YES;
				CLANG_WARN_SUSPICIOUS_MOVE = YES;
				CLANG_WARN_UNGUARDED_AVAILABILITY = YES_AGGRESSIVE;
				CLANG_WARN_UNREACHABLE_CODE = YES;
				CLANG_WARN__DUPLICATE_METHOD_MATCH = YES;
				COPY_PHASE_STRIP = NO;
				DEBUG_INFORMATION_FORMAT = dwarf;
				ENABLE_STRICT_OBJC_MSGSEND = YES;
				ENABLE_TESTABILITY = YES;
				ENABLE_USER_SCRIPT_SANDBOXING = YES;
				GCC_C_LANGUAGE_STANDARD = gnu17;
				GCC_DYNAMIC_NO_PIC = NO;
				GCC_NO_COMMON_BLOCKS = YES;
				GCC_OPTIMIZATION_LEVEL = 0;
				GCC_PREPROCESSOR_DEFINITIONS = (
					"DEBUG=1",
					"$(inherited)",
				);
				GCC_WARN_64_TO_32_BIT_CONVERSION = YES;
				GCC_WARN_ABOUT_RETURN_TYPE = YES_ERROR;
				GCC_WARN_UNDECLARED_SELECTOR = YES;
				GCC_WARN_UNINITIALIZED_AUTOS = YES_AGGRESSIVE;
				GCC_WARN_UNUSED_FUNCTION = YES;
				GCC_WARN_UNUSED_VARIABLE = YES;
				IPHONEOS_DEPLOYMENT_TARGET = 17.4;
				LOCALIZATION_PREFERS_STRING_CATALOGS = YES;
				MTL_ENABLE_DEBUG_INFO = INCLUDE_SOURCE;
				MTL_FAST_MATH = YES;
				ONLY_ACTIVE_ARCH = YES;
				SDKROOT = iphoneos;
				SWIFT_ACTIVE_COMPILATION_CONDITIONS = "DEBUG $(inherited)";
				SWIFT_OPTIMIZATION_LEVEL = "-Onone";
			};
			name = Debug;
		};
		F95EC5A12BFF68D000164CE7 /* Release */ = {
			isa = XCBuildConfiguration;
			buildSettings = {
				ALWAYS_SEARCH_USER_PATHS = NO;
				ASSETCATALOG_COMPILER_GENERATE_SWIFT_ASSET_SYMBOL_EXTENSIONS = YES;
				CLANG_ANALYZER_NONNULL = YES;
				CLANG_ANALYZER_NUMBER_OBJECT_CONVERSION = YES_AGGRESSIVE;
				CLANG_CXX_LANGUAGE_STANDARD = "gnu++20";
				CLANG_ENABLE_MODULES = YES;
				CLANG_ENABLE_OBJC_ARC = YES;
				CLANG_ENABLE_OBJC_WEAK = YES;
				CLANG_WARN_BLOCK_CAPTURE_AUTORELEASING = YES;
				CLANG_WARN_BOOL_CONVERSION = YES;
				CLANG_WARN_COMMA = YES;
				CLANG_WARN_CONSTANT_CONVERSION = YES;
				CLANG_WARN_DEPRECATED_OBJC_IMPLEMENTATIONS = YES;
				CLANG_WARN_DIRECT_OBJC_ISA_USAGE = YES_ERROR;
				CLANG_WARN_DOCUMENTATION_COMMENTS = YES;
				CLANG_WARN_EMPTY_BODY = YES;
				CLANG_WARN_ENUM_CONVERSION = YES;
				CLANG_WARN_INFINITE_RECURSION = YES;
				CLANG_WARN_INT_CONVERSION = YES;
				CLANG_WARN_NON_LITERAL_NULL_CONVERSION = YES;
				CLANG_WARN_OBJC_IMPLICIT_RETAIN_SELF = YES;
				CLANG_WARN_OBJC_LITERAL_CONVERSION = YES;
				CLANG_WARN_OBJC_ROOT_CLASS = YES_ERROR;
				CLANG_WARN_QUOTED_INCLUDE_IN_FRAMEWORK_HEADER = YES;
				CLANG_WARN_RANGE_LOOP_ANALYSIS = YES;
				CLANG_WARN_STRICT_PROTOTYPES = YES;
				CLANG_WARN_SUSPICIOUS_MOVE = YES;
				CLANG_WARN_UNGUARDED_AVAILABILITY = YES_AGGRESSIVE;
				CLANG_WARN_UNREACHABLE_CODE = YES;
				CLANG_WARN__DUPLICATE_METHOD_MATCH = YES;
				COPY_PHASE_STRIP = NO;
				DEBUG_INFORMATION_FORMAT = "dwarf-with-dsym";
				ENABLE_NS_ASSERTIONS = NO;
				ENABLE_STRICT_OBJC_MSGSEND = YES;
				ENABLE_USER_SCRIPT_SANDBOXING = YES;
				GCC_C_LANGUAGE_STANDARD = gnu17;
				GCC_NO_COMMON_BLOCKS = YES;
				GCC_WARN_64_TO_32_BIT_CONVERSION = YES;
				GCC_WARN_ABOUT_RETURN_TYPE = YES_ERROR;
				GCC_WARN_UNDECLARED_SELECTOR = YES;
				GCC_WARN_UNINITIALIZED_AUTOS = YES_AGGRESSIVE;
				GCC_WARN_UNUSED_FUNCTION = YES;
				GCC_WARN_UNUSED_VARIABLE = YES;
				IPHONEOS_DEPLOYMENT_TARGET = 17.4;
				LOCALIZATION_PREFERS_STRING_CATALOGS = YES;
				MTL_ENABLE_DEBUG_INFO = NO;
				MTL_FAST_MATH = YES;
				SDKROOT = iphoneos;
				SWIFT_COMPILATION_MODE = wholemodule;
				VALIDATE_PRODUCT = YES;
			};
			name = Release;
		};
		F95EC5A32BFF68D000164CE7 /* Debug */ = {
			isa = XCBuildConfiguration;
			buildSettings = {
				ASSETCATALOG_COMPILER_APPICON_NAME = AppIcon;
				ASSETCATALOG_COMPILER_GLOBAL_ACCENT_COLOR_NAME = AccentColor;
				CODE_SIGN_STYLE = Automatic;
				CURRENT_PROJECT_VERSION = 1;
				DEVELOPMENT_ASSET_PATHS = "\"SelfFIt/Preview Content\"";
				DEVELOPMENT_TEAM = D9248U2U3P;
				ENABLE_PREVIEWS = YES;
				GENERATE_INFOPLIST_FILE = YES;
				INFOPLIST_FILE = SelfFIt/Info.plist;
				INFOPLIST_KEY_NSCameraUsageDescription = "";
				INFOPLIST_KEY_UIApplicationSceneManifest_Generation = YES;
				INFOPLIST_KEY_UIApplicationSupportsIndirectInputEvents = YES;
				INFOPLIST_KEY_UILaunchScreen_Generation = YES;
				INFOPLIST_KEY_UISupportedInterfaceOrientations_iPad = "UIInterfaceOrientationPortrait UIInterfaceOrientationPortraitUpsideDown UIInterfaceOrientationLandscapeLeft UIInterfaceOrientationLandscapeRight";
				INFOPLIST_KEY_UISupportedInterfaceOrientations_iPhone = "UIInterfaceOrientationPortrait UIInterfaceOrientationLandscapeLeft UIInterfaceOrientationLandscapeRight";
				LD_RUNPATH_SEARCH_PATHS = (
					"$(inherited)",
					"@executable_path/Frameworks",
				);
				MARKETING_VERSION = 1.0;
				PRODUCT_BUNDLE_IDENTIFIER = MAD.SelfFIt;
				PRODUCT_NAME = "$(TARGET_NAME)";
				SUPPORTED_PLATFORMS = "iphoneos iphonesimulator";
				SUPPORTS_MACCATALYST = NO;
				SUPPORTS_XR_DESIGNED_FOR_IPHONE_IPAD = NO;
				SWIFT_EMIT_LOC_STRINGS = YES;
				SWIFT_VERSION = 5.0;
				TARGETED_DEVICE_FAMILY = "1,2";
			};
			name = Debug;
		};
		F95EC5A42BFF68D000164CE7 /* Release */ = {
			isa = XCBuildConfiguration;
			buildSettings = {
				ASSETCATALOG_COMPILER_APPICON_NAME = AppIcon;
				ASSETCATALOG_COMPILER_GLOBAL_ACCENT_COLOR_NAME = AccentColor;
				CODE_SIGN_STYLE = Automatic;
				CURRENT_PROJECT_VERSION = 1;
				DEVELOPMENT_ASSET_PATHS = "\"SelfFIt/Preview Content\"";
				DEVELOPMENT_TEAM = D9248U2U3P;
				ENABLE_PREVIEWS = YES;
				GENERATE_INFOPLIST_FILE = YES;
				INFOPLIST_FILE = SelfFIt/Info.plist;
				INFOPLIST_KEY_NSCameraUsageDescription = "";
				INFOPLIST_KEY_UIApplicationSceneManifest_Generation = YES;
				INFOPLIST_KEY_UIApplicationSupportsIndirectInputEvents = YES;
				INFOPLIST_KEY_UILaunchScreen_Generation = YES;
				INFOPLIST_KEY_UISupportedInterfaceOrientations_iPad = "UIInterfaceOrientationPortrait UIInterfaceOrientationPortraitUpsideDown UIInterfaceOrientationLandscapeLeft UIInterfaceOrientationLandscapeRight";
				INFOPLIST_KEY_UISupportedInterfaceOrientations_iPhone = "UIInterfaceOrientationPortrait UIInterfaceOrientationLandscapeLeft UIInterfaceOrientationLandscapeRight";
				LD_RUNPATH_SEARCH_PATHS = (
					"$(inherited)",
					"@executable_path/Frameworks",
				);
				MARKETING_VERSION = 1.0;
				PRODUCT_BUNDLE_IDENTIFIER = MAD.SelfFIt;
				PRODUCT_NAME = "$(TARGET_NAME)";
				SUPPORTED_PLATFORMS = "iphoneos iphonesimulator";
				SUPPORTS_MACCATALYST = NO;
				SUPPORTS_XR_DESIGNED_FOR_IPHONE_IPAD = NO;
				SWIFT_EMIT_LOC_STRINGS = YES;
				SWIFT_VERSION = 5.0;
				TARGETED_DEVICE_FAMILY = "1,2";
			};
			name = Release;
		};
/* End XCBuildConfiguration section */

/* Begin XCConfigurationList section */
		F95EC58D2BFF68CD00164CE7 /* Build configuration list for PBXProject "SelfFIt" */ = {
			isa = XCConfigurationList;
			buildConfigurations = (
				F95EC5A02BFF68D000164CE7 /* Debug */,
				F95EC5A12BFF68D000164CE7 /* Release */,
			);
			defaultConfigurationIsVisible = 0;
			defaultConfigurationName = Release;
		};
		F95EC5A22BFF68D000164CE7 /* Build configuration list for PBXNativeTarget "SelfFIt" */ = {
			isa = XCConfigurationList;
			buildConfigurations = (
				F95EC5A32BFF68D000164CE7 /* Debug */,
				F95EC5A42BFF68D000164CE7 /* Release */,
			);
			defaultConfigurationIsVisible = 0;
			defaultConfigurationName = Release;
		};
/* End XCConfigurationList section */
	};
	rootObject = F95EC58A2BFF68CD00164CE7 /* Project object */;
}
