// !$*UTF8*$!
{
	archiveVersion = 1;
	classes = {
	};
	objectVersion = 56;
	objects = {

/* Begin PBXBuildFile section */
		041715602C0057D200DFF76F /* HighlightItem.swift in Sources */ = {isa = PBXBuildFile; fileRef = 0417155F2C0057D200DFF76F /* HighlightItem.swift */; };
		041715622C005D9D00DFF76F /* HighlightBackground.swift in Sources */ = {isa = PBXBuildFile; fileRef = 041715612C005D9D00DFF76F /* HighlightBackground.swift */; };
		045246F32C11B76B0004C2FA /* WatchProtocol.swift in Sources */ = {isa = PBXBuildFile; fileRef = 045246F22C11B76B0004C2FA /* WatchProtocol.swift */; };
		045246F42C11B76B0004C2FA /* WatchProtocol.swift in Sources */ = {isa = PBXBuildFile; fileRef = 045246F22C11B76B0004C2FA /* WatchProtocol.swift */; };
		0463508D2BFF7C0A00F68CBD /* HighlightView.swift in Sources */ = {isa = PBXBuildFile; fileRef = 0463508C2BFF7C0A00F68CBD /* HighlightView.swift */; };
		046350912BFF808B00F68CBD /* ExerciseRow.swift in Sources */ = {isa = PBXBuildFile; fileRef = 046350902BFF808B00F68CBD /* ExerciseRow.swift */; };
		046350932BFF848600F68CBD /* HistoryRow.swift in Sources */ = {isa = PBXBuildFile; fileRef = 046350922BFF848600F68CBD /* HistoryRow.swift */; };
		04840B052BFF744800C7B02C /* PlankFeedback.swift in Sources */ = {isa = PBXBuildFile; fileRef = 04840B042BFF744800C7B02C /* PlankFeedback.swift */; };
		04840B072BFF93FA00C7B02C /* Exercise.swift in Sources */ = {isa = PBXBuildFile; fileRef = 04840B062BFF93FA00C7B02C /* Exercise.swift */; };
		04840B092BFF946300C7B02C /* Plank.swift in Sources */ = {isa = PBXBuildFile; fileRef = 04840B082BFF946300C7B02C /* Plank.swift */; };
		04840B0B2BFF946D00C7B02C /* LegRaise.swift in Sources */ = {isa = PBXBuildFile; fileRef = 04840B0A2BFF946D00C7B02C /* LegRaise.swift */; };
		04840B0F2BFF980E00C7B02C /* LegRaiseFeedback.swift in Sources */ = {isa = PBXBuildFile; fileRef = 04840B0E2BFF980E00C7B02C /* LegRaiseFeedback.swift */; };
		04D318A02C0F801E00E90ED9 /* WatchSelfFitApp.swift in Sources */ = {isa = PBXBuildFile; fileRef = 04D3189F2C0F801E00E90ED9 /* WatchSelfFitApp.swift */; };
		04D318A22C0F801E00E90ED9 /* ContentView.swift in Sources */ = {isa = PBXBuildFile; fileRef = 04D318A12C0F801E00E90ED9 /* ContentView.swift */; };
		04D318A42C0F801F00E90ED9 /* Assets.xcassets in Resources */ = {isa = PBXBuildFile; fileRef = 04D318A32C0F801F00E90ED9 /* Assets.xcassets */; };
		04D318A72C0F801F00E90ED9 /* Preview Assets.xcassets in Resources */ = {isa = PBXBuildFile; fileRef = 04D318A62C0F801F00E90ED9 /* Preview Assets.xcassets */; };
		04D318AA2C0F801F00E90ED9 /* WatchSelfFit Watch App.app in Embed Watch Content */ = {isa = PBXBuildFile; fileRef = 04D3189D2C0F801E00E90ED9 /* WatchSelfFit Watch App.app */; settings = {ATTRIBUTES = (RemoveHeadersOnCopy, ); }; };
		04D318B02C0F805A00E90ED9 /* HistoryList.swift in Sources */ = {isa = PBXBuildFile; fileRef = 04D318AF2C0F805A00E90ED9 /* HistoryList.swift */; };
		04D318B12C0F80B900E90ED9 /* Exercise.swift in Sources */ = {isa = PBXBuildFile; fileRef = 04840B062BFF93FA00C7B02C /* Exercise.swift */; };
		04D318B22C0F80B900E90ED9 /* LegRaise.swift in Sources */ = {isa = PBXBuildFile; fileRef = 04840B0A2BFF946D00C7B02C /* LegRaise.swift */; };
		04D318B32C0F80B900E90ED9 /* Plank.swift in Sources */ = {isa = PBXBuildFile; fileRef = 04840B082BFF946300C7B02C /* Plank.swift */; };
		04D318B52C0F867100E90ED9 /* WatchConnector.swift in Sources */ = {isa = PBXBuildFile; fileRef = 04D318B42C0F867100E90ED9 /* WatchConnector.swift */; };
		04D318B72C0F872000E90ED9 /* WatchToIOS.swift in Sources */ = {isa = PBXBuildFile; fileRef = 04D318B62C0F872000E90ED9 /* WatchToIOS.swift */; };
		04D318B92C0F887600E90ED9 /* HistoryRow.swift in Sources */ = {isa = PBXBuildFile; fileRef = 04D318B82C0F887600E90ED9 /* HistoryRow.swift */; };
		04D318BB2C0F892900E90ED9 /* LegRaiseFeedback.swift in Sources */ = {isa = PBXBuildFile; fileRef = 04D318BA2C0F892900E90ED9 /* LegRaiseFeedback.swift */; };
		EE5104F72C0B717100F4F623 /* LegraiseDetection.mlmodel in Sources */ = {isa = PBXBuildFile; fileRef = EE5104F62C0B717100F4F623 /* LegraiseDetection.mlmodel */; };
		EEA9C1D52BFFD3950083BC9A /* PlankCameraService.swift in Sources */ = {isa = PBXBuildFile; fileRef = EEA9C1D42BFFD3950083BC9A /* PlankCameraService.swift */; };
		EEA9C1D72BFFD3B10083BC9A /* PlankExercise.swift in Sources */ = {isa = PBXBuildFile; fileRef = EEA9C1D62BFFD3B10083BC9A /* PlankExercise.swift */; };
		EECAD6272C002EB700286944 /* LegRaiseCameraService.swift in Sources */ = {isa = PBXBuildFile; fileRef = EECAD6262C002EB700286944 /* LegRaiseCameraService.swift */; };
		EECAD62B2C002F0600286944 /* LegRaiseExercise.swift in Sources */ = {isa = PBXBuildFile; fileRef = EECAD62A2C002F0600286944 /* LegRaiseExercise.swift */; };
		EEDA256C2C05BF4E0061938D /* PlankAudioService.swift in Sources */ = {isa = PBXBuildFile; fileRef = EEDA256B2C05BF4E0061938D /* PlankAudioService.swift */; };
		EEDA257C2C05C36E0061938D /* Audios in Resources */ = {isa = PBXBuildFile; fileRef = EEDA257B2C05C36E0061938D /* Audios */; };
		EEDBE6162C09D1E2009AA5E8 /* PlankTimer.swift in Sources */ = {isa = PBXBuildFile; fileRef = EEDBE6152C09D1E2009AA5E8 /* PlankTimer.swift */; };
		F95EC5962BFF68CD00164CE7 /* SelfFItApp.swift in Sources */ = {isa = PBXBuildFile; fileRef = F95EC5952BFF68CD00164CE7 /* SelfFItApp.swift */; };
		F95EC5982BFF68CD00164CE7 /* ContentView.swift in Sources */ = {isa = PBXBuildFile; fileRef = F95EC5972BFF68CD00164CE7 /* ContentView.swift */; };
		F95EC59C2BFF68D000164CE7 /* Assets.xcassets in Resources */ = {isa = PBXBuildFile; fileRef = F95EC59B2BFF68D000164CE7 /* Assets.xcassets */; };
		F95EC59F2BFF68D000164CE7 /* Preview Assets.xcassets in Resources */ = {isa = PBXBuildFile; fileRef = F95EC59E2BFF68D000164CE7 /* Preview Assets.xcassets */; };
		F95EC5A72BFF6CEB00164CE7 /* HistoryList.swift in Sources */ = {isa = PBXBuildFile; fileRef = F95EC5A62BFF6CEB00164CE7 /* HistoryList.swift */; };
		F95EC5AB2BFF6D6800164CE7 /* ExerciseHome.swift in Sources */ = {isa = PBXBuildFile; fileRef = F95EC5AA2BFF6D6800164CE7 /* ExerciseHome.swift */; };
		F95EC5B92BFF796600164CE7 /* PreparationPlankForm.swift in Sources */ = {isa = PBXBuildFile; fileRef = F95EC5B82BFF796600164CE7 /* PreparationPlankForm.swift */; };
		F95EC5BE2BFF958800164CE7 /* PreparationLegRaisesForm.swift in Sources */ = {isa = PBXBuildFile; fileRef = F95EC5BD2BFF958800164CE7 /* PreparationLegRaisesForm.swift */; };
/* End PBXBuildFile section */

/* Begin PBXContainerItemProxy section */
		04D318A82C0F801F00E90ED9 /* PBXContainerItemProxy */ = {
			isa = PBXContainerItemProxy;
			containerPortal = F95EC58A2BFF68CD00164CE7 /* Project object */;
			proxyType = 1;
			remoteGlobalIDString = 04D3189C2C0F801E00E90ED9;
			remoteInfo = "WatchSelfFit Watch App";
		};
/* End PBXContainerItemProxy section */

/* Begin PBXCopyFilesBuildPhase section */
		04D318AB2C0F801F00E90ED9 /* Embed Watch Content */ = {
			isa = PBXCopyFilesBuildPhase;
			buildActionMask = 2147483647;
			dstPath = "$(CONTENTS_FOLDER_PATH)/Watch";
			dstSubfolderSpec = 16;
			files = (
				04D318AA2C0F801F00E90ED9 /* WatchSelfFit Watch App.app in Embed Watch Content */,
			);
			name = "Embed Watch Content";
			runOnlyForDeploymentPostprocessing = 0;
		};
/* End PBXCopyFilesBuildPhase section */

/* Begin PBXFileReference section */
		0417155F2C0057D200DFF76F /* HighlightItem.swift */ = {isa = PBXFileReference; lastKnownFileType = sourcecode.swift; path = HighlightItem.swift; sourceTree = "<group>"; };
		041715612C005D9D00DFF76F /* HighlightBackground.swift */ = {isa = PBXFileReference; lastKnownFileType = sourcecode.swift; path = HighlightBackground.swift; sourceTree = "<group>"; };
		045246F12C119F1F0004C2FA /* SelfFIt.entitlements */ = {isa = PBXFileReference; lastKnownFileType = text.plist.entitlements; path = SelfFIt.entitlements; sourceTree = "<group>"; };
		045246F22C11B76B0004C2FA /* WatchProtocol.swift */ = {isa = PBXFileReference; lastKnownFileType = sourcecode.swift; path = WatchProtocol.swift; sourceTree = "<group>"; };
		0463508C2BFF7C0A00F68CBD /* HighlightView.swift */ = {isa = PBXFileReference; lastKnownFileType = sourcecode.swift; path = HighlightView.swift; sourceTree = "<group>"; };
		046350902BFF808B00F68CBD /* ExerciseRow.swift */ = {isa = PBXFileReference; lastKnownFileType = sourcecode.swift; path = ExerciseRow.swift; sourceTree = "<group>"; };
		046350922BFF848600F68CBD /* HistoryRow.swift */ = {isa = PBXFileReference; lastKnownFileType = sourcecode.swift; path = HistoryRow.swift; sourceTree = "<group>"; };
		04840B042BFF744800C7B02C /* PlankFeedback.swift */ = {isa = PBXFileReference; lastKnownFileType = sourcecode.swift; path = PlankFeedback.swift; sourceTree = "<group>"; };
		04840B062BFF93FA00C7B02C /* Exercise.swift */ = {isa = PBXFileReference; lastKnownFileType = sourcecode.swift; path = Exercise.swift; sourceTree = "<group>"; };
		04840B082BFF946300C7B02C /* Plank.swift */ = {isa = PBXFileReference; lastKnownFileType = sourcecode.swift; path = Plank.swift; sourceTree = "<group>"; };
		04840B0A2BFF946D00C7B02C /* LegRaise.swift */ = {isa = PBXFileReference; lastKnownFileType = sourcecode.swift; path = LegRaise.swift; sourceTree = "<group>"; };
		04840B0E2BFF980E00C7B02C /* LegRaiseFeedback.swift */ = {isa = PBXFileReference; lastKnownFileType = sourcecode.swift; path = LegRaiseFeedback.swift; sourceTree = "<group>"; };
		04D3189D2C0F801E00E90ED9 /* WatchSelfFit Watch App.app */ = {isa = PBXFileReference; explicitFileType = wrapper.application; includeInIndex = 0; path = "WatchSelfFit Watch App.app"; sourceTree = BUILT_PRODUCTS_DIR; };
		04D3189F2C0F801E00E90ED9 /* WatchSelfFitApp.swift */ = {isa = PBXFileReference; lastKnownFileType = sourcecode.swift; path = WatchSelfFitApp.swift; sourceTree = "<group>"; };
		04D318A12C0F801E00E90ED9 /* ContentView.swift */ = {isa = PBXFileReference; lastKnownFileType = sourcecode.swift; path = ContentView.swift; sourceTree = "<group>"; };
		04D318A32C0F801F00E90ED9 /* Assets.xcassets */ = {isa = PBXFileReference; lastKnownFileType = folder.assetcatalog; path = Assets.xcassets; sourceTree = "<group>"; };
		04D318A62C0F801F00E90ED9 /* Preview Assets.xcassets */ = {isa = PBXFileReference; lastKnownFileType = folder.assetcatalog; path = "Preview Assets.xcassets"; sourceTree = "<group>"; };
		04D318AF2C0F805A00E90ED9 /* HistoryList.swift */ = {isa = PBXFileReference; lastKnownFileType = sourcecode.swift; path = HistoryList.swift; sourceTree = "<group>"; };
		04D318B42C0F867100E90ED9 /* WatchConnector.swift */ = {isa = PBXFileReference; lastKnownFileType = sourcecode.swift; path = WatchConnector.swift; sourceTree = "<group>"; };
		04D318B62C0F872000E90ED9 /* WatchToIOS.swift */ = {isa = PBXFileReference; lastKnownFileType = sourcecode.swift; path = WatchToIOS.swift; sourceTree = "<group>"; };
		04D318B82C0F887600E90ED9 /* HistoryRow.swift */ = {isa = PBXFileReference; lastKnownFileType = sourcecode.swift; path = HistoryRow.swift; sourceTree = "<group>"; };
		04D318BA2C0F892900E90ED9 /* LegRaiseFeedback.swift */ = {isa = PBXFileReference; lastKnownFileType = sourcecode.swift; path = LegRaiseFeedback.swift; sourceTree = "<group>"; };
		EE5104F62C0B717100F4F623 /* LegraiseDetection.mlmodel */ = {isa = PBXFileReference; lastKnownFileType = file.mlmodel; path = LegraiseDetection.mlmodel; sourceTree = "<group>"; };
		EEA9C1D42BFFD3950083BC9A /* PlankCameraService.swift */ = {isa = PBXFileReference; lastKnownFileType = sourcecode.swift; path = PlankCameraService.swift; sourceTree = "<group>"; };
		EEA9C1D62BFFD3B10083BC9A /* PlankExercise.swift */ = {isa = PBXFileReference; lastKnownFileType = sourcecode.swift; path = PlankExercise.swift; sourceTree = "<group>"; };
		EECAD6262C002EB700286944 /* LegRaiseCameraService.swift */ = {isa = PBXFileReference; lastKnownFileType = sourcecode.swift; path = LegRaiseCameraService.swift; sourceTree = "<group>"; };
		EECAD62A2C002F0600286944 /* LegRaiseExercise.swift */ = {isa = PBXFileReference; lastKnownFileType = sourcecode.swift; path = LegRaiseExercise.swift; sourceTree = "<group>"; };
		EEDA256B2C05BF4E0061938D /* PlankAudioService.swift */ = {isa = PBXFileReference; lastKnownFileType = sourcecode.swift; path = PlankAudioService.swift; sourceTree = "<group>"; };
		EEDA257B2C05C36E0061938D /* Audios */ = {isa = PBXFileReference; lastKnownFileType = folder; path = Audios; sourceTree = "<group>"; };
		EEDBE6152C09D1E2009AA5E8 /* PlankTimer.swift */ = {isa = PBXFileReference; lastKnownFileType = sourcecode.swift; path = PlankTimer.swift; sourceTree = "<group>"; };
		F95EC5922BFF68CD00164CE7 /* SelfFIt.app */ = {isa = PBXFileReference; explicitFileType = wrapper.application; includeInIndex = 0; path = SelfFIt.app; sourceTree = BUILT_PRODUCTS_DIR; };
		F95EC5952BFF68CD00164CE7 /* SelfFItApp.swift */ = {isa = PBXFileReference; lastKnownFileType = sourcecode.swift; path = SelfFItApp.swift; sourceTree = "<group>"; };
		F95EC5972BFF68CD00164CE7 /* ContentView.swift */ = {isa = PBXFileReference; lastKnownFileType = sourcecode.swift; path = ContentView.swift; sourceTree = "<group>"; };
		F95EC59B2BFF68D000164CE7 /* Assets.xcassets */ = {isa = PBXFileReference; lastKnownFileType = folder.assetcatalog; path = Assets.xcassets; sourceTree = "<group>"; };
		F95EC59E2BFF68D000164CE7 /* Preview Assets.xcassets */ = {isa = PBXFileReference; lastKnownFileType = folder.assetcatalog; path = "Preview Assets.xcassets"; sourceTree = "<group>"; };
		F95EC5A52BFF696500164CE7 /* Info.plist */ = {isa = PBXFileReference; lastKnownFileType = text.plist; path = Info.plist; sourceTree = "<group>"; };
		F95EC5A62BFF6CEB00164CE7 /* HistoryList.swift */ = {isa = PBXFileReference; lastKnownFileType = sourcecode.swift; path = HistoryList.swift; sourceTree = "<group>"; };
		F95EC5AA2BFF6D6800164CE7 /* ExerciseHome.swift */ = {isa = PBXFileReference; lastKnownFileType = sourcecode.swift; path = ExerciseHome.swift; sourceTree = "<group>"; };
		F95EC5B82BFF796600164CE7 /* PreparationPlankForm.swift */ = {isa = PBXFileReference; lastKnownFileType = sourcecode.swift; path = PreparationPlankForm.swift; sourceTree = "<group>"; };
		F95EC5BD2BFF958800164CE7 /* PreparationLegRaisesForm.swift */ = {isa = PBXFileReference; lastKnownFileType = sourcecode.swift; path = PreparationLegRaisesForm.swift; sourceTree = "<group>"; };
/* End PBXFileReference section */

/* Begin PBXFrameworksBuildPhase section */
		04D3189A2C0F801E00E90ED9 /* Frameworks */ = {
			isa = PBXFrameworksBuildPhase;
			buildActionMask = 2147483647;
			files = (
			);
			runOnlyForDeploymentPostprocessing = 0;
		};
		F95EC58F2BFF68CD00164CE7 /* Frameworks */ = {
			isa = PBXFrameworksBuildPhase;
			buildActionMask = 2147483647;
			files = (
			);
			runOnlyForDeploymentPostprocessing = 0;
		};
/* End PBXFrameworksBuildPhase section */

/* Begin PBXGroup section */
		04840B032BFF73ED00C7B02C /* Feedback */ = {
			isa = PBXGroup;
			children = (
				04840B042BFF744800C7B02C /* PlankFeedback.swift */,
				04840B0E2BFF980E00C7B02C /* LegRaiseFeedback.swift */,
			);
			path = Feedback;
			sourceTree = "<group>";
		};
		04D3189E2C0F801E00E90ED9 /* WatchSelfFit Watch App */ = {
			isa = PBXGroup;
			children = (
				04D3189F2C0F801E00E90ED9 /* WatchSelfFitApp.swift */,
				04D318A12C0F801E00E90ED9 /* ContentView.swift */,
				04D318B62C0F872000E90ED9 /* WatchToIOS.swift */,
				04D318BA2C0F892900E90ED9 /* LegRaiseFeedback.swift */,
				04D318B82C0F887600E90ED9 /* HistoryRow.swift */,
				04D318AF2C0F805A00E90ED9 /* HistoryList.swift */,
				04D318A32C0F801F00E90ED9 /* Assets.xcassets */,
				04D318A52C0F801F00E90ED9 /* Preview Content */,
			);
			path = "WatchSelfFit Watch App";
			sourceTree = "<group>";
		};
		04D318A52C0F801F00E90ED9 /* Preview Content */ = {
			isa = PBXGroup;
			children = (
				04D318A62C0F801F00E90ED9 /* Preview Assets.xcassets */,
			);
			path = "Preview Content";
			sourceTree = "<group>";
		};
		EEA9C1D22BFFD3590083BC9A /* Activity Exercise */ = {
			isa = PBXGroup;
			children = (
				EECAD6252C002E8200286944 /* Legraise */,
				EEA9C1D32BFFD3680083BC9A /* Plank */,
			);
			path = "Activity Exercise";
			sourceTree = "<group>";
		};
		EEA9C1D32BFFD3680083BC9A /* Plank */ = {
			isa = PBXGroup;
			children = (
				EEA9C1D42BFFD3950083BC9A /* PlankCameraService.swift */,
				EEA9C1D62BFFD3B10083BC9A /* PlankExercise.swift */,
				EEDA256B2C05BF4E0061938D /* PlankAudioService.swift */,
				EEDBE6152C09D1E2009AA5E8 /* PlankTimer.swift */,
			);
			path = Plank;
			sourceTree = "<group>";
		};
		EECAD6252C002E8200286944 /* Legraise */ = {
			isa = PBXGroup;
			children = (
				EECAD6262C002EB700286944 /* LegRaiseCameraService.swift */,
				EECAD62A2C002F0600286944 /* LegRaiseExercise.swift */,
			);
			path = Legraise;
			sourceTree = "<group>";
		};
		F95EC5892BFF68CD00164CE7 = {
			isa = PBXGroup;
			children = (
				F95EC5942BFF68CD00164CE7 /* SelfFIt */,
				04D3189E2C0F801E00E90ED9 /* WatchSelfFit Watch App */,
				F95EC5932BFF68CD00164CE7 /* Products */,
			);
			sourceTree = "<group>";
		};
		F95EC5932BFF68CD00164CE7 /* Products */ = {
			isa = PBXGroup;
			children = (
				F95EC5922BFF68CD00164CE7 /* SelfFIt.app */,
				04D3189D2C0F801E00E90ED9 /* WatchSelfFit Watch App.app */,
			);
			name = Products;
			sourceTree = "<group>";
		};
		F95EC5942BFF68CD00164CE7 /* SelfFIt */ = {
			isa = PBXGroup;
			children = (
				045246F12C119F1F0004C2FA /* SelfFIt.entitlements */,
				EE5104F62C0B717100F4F623 /* LegraiseDetection.mlmodel */,
				EEDA257B2C05C36E0061938D /* Audios */,
				F95EC5A52BFF696500164CE7 /* Info.plist */,
				F95EC5952BFF68CD00164CE7 /* SelfFItApp.swift */,
				F95EC5AE2BFF6DA400164CE7 /* Model */,
				F95EC5B12BFF6DCE00164CE7 /* View */,
				F95EC59B2BFF68D000164CE7 /* Assets.xcassets */,
				04D318B42C0F867100E90ED9 /* WatchConnector.swift */,
				F95EC59D2BFF68D000164CE7 /* Preview Content */,
			);
			path = SelfFIt;
			sourceTree = "<group>";
		};
		F95EC59D2BFF68D000164CE7 /* Preview Content */ = {
			isa = PBXGroup;
			children = (
				F95EC59E2BFF68D000164CE7 /* Preview Assets.xcassets */,
			);
			path = "Preview Content";
			sourceTree = "<group>";
		};
		F95EC5AC2BFF6D7600164CE7 /* Exercise */ = {
			isa = PBXGroup;
			children = (
				F95EC5AA2BFF6D6800164CE7 /* ExerciseHome.swift */,
				046350902BFF808B00F68CBD /* ExerciseRow.swift */,
				0463508C2BFF7C0A00F68CBD /* HighlightView.swift */,
				0417155F2C0057D200DFF76F /* HighlightItem.swift */,
				041715612C005D9D00DFF76F /* HighlightBackground.swift */,
			);
			path = Exercise;
			sourceTree = "<group>";
		};
		F95EC5AD2BFF6D9000164CE7 /* History */ = {
			isa = PBXGroup;
			children = (
				F95EC5A62BFF6CEB00164CE7 /* HistoryList.swift */,
				046350922BFF848600F68CBD /* HistoryRow.swift */,
			);
			path = History;
			sourceTree = "<group>";
		};
		F95EC5AE2BFF6DA400164CE7 /* Model */ = {
			isa = PBXGroup;
			children = (
				04840B062BFF93FA00C7B02C /* Exercise.swift */,
				04840B0A2BFF946D00C7B02C /* LegRaise.swift */,
				04840B082BFF946300C7B02C /* Plank.swift */,
				045246F22C11B76B0004C2FA /* WatchProtocol.swift */,
			);
			path = Model;
			sourceTree = "<group>";
		};
		F95EC5B12BFF6DCE00164CE7 /* View */ = {
			isa = PBXGroup;
			children = (
				F95EC5972BFF68CD00164CE7 /* ContentView.swift */,
				EEA9C1D22BFFD3590083BC9A /* Activity Exercise */,
				F95EC5B42BFF778600164CE7 /* Preparation */,
				04840B032BFF73ED00C7B02C /* Feedback */,
				F95EC5AC2BFF6D7600164CE7 /* Exercise */,
				F95EC5AD2BFF6D9000164CE7 /* History */,
			);
			path = View;
			sourceTree = "<group>";
		};
		F95EC5B42BFF778600164CE7 /* Preparation */ = {
			isa = PBXGroup;
			children = (
				F95EC5BC2BFF950000164CE7 /* PreparationLegRaises */,
				F95EC5B52BFF779800164CE7 /* PreparationPlank */,
			);
			path = Preparation;
			sourceTree = "<group>";
		};
		F95EC5B52BFF779800164CE7 /* PreparationPlank */ = {
			isa = PBXGroup;
			children = (
				F95EC5B82BFF796600164CE7 /* PreparationPlankForm.swift */,
			);
			path = PreparationPlank;
			sourceTree = "<group>";
		};
		F95EC5BC2BFF950000164CE7 /* PreparationLegRaises */ = {
			isa = PBXGroup;
			children = (
				F95EC5BD2BFF958800164CE7 /* PreparationLegRaisesForm.swift */,
			);
			path = PreparationLegRaises;
			sourceTree = "<group>";
		};
/* End PBXGroup section */

/* Begin PBXNativeTarget section */
		04D3189C2C0F801E00E90ED9 /* WatchSelfFit Watch App */ = {
			isa = PBXNativeTarget;
			buildConfigurationList = 04D318AE2C0F801F00E90ED9 /* Build configuration list for PBXNativeTarget "WatchSelfFit Watch App" */;
			buildPhases = (
				04D318992C0F801E00E90ED9 /* Sources */,
				04D3189A2C0F801E00E90ED9 /* Frameworks */,
				04D3189B2C0F801E00E90ED9 /* Resources */,
			);
			buildRules = (
			);
			dependencies = (
			);
			name = "WatchSelfFit Watch App";
			productName = "WatchSelfFit Watch App";
			productReference = 04D3189D2C0F801E00E90ED9 /* WatchSelfFit Watch App.app */;
			productType = "com.apple.product-type.application";
		};
		F95EC5912BFF68CD00164CE7 /* SelfFIt */ = {
			isa = PBXNativeTarget;
			buildConfigurationList = F95EC5A22BFF68D000164CE7 /* Build configuration list for PBXNativeTarget "SelfFIt" */;
			buildPhases = (
				F95EC58E2BFF68CD00164CE7 /* Sources */,
				F95EC58F2BFF68CD00164CE7 /* Frameworks */,
				F95EC5902BFF68CD00164CE7 /* Resources */,
				04D318AB2C0F801F00E90ED9 /* Embed Watch Content */,
			);
			buildRules = (
			);
			dependencies = (
				04D318A92C0F801F00E90ED9 /* PBXTargetDependency */,
			);
			name = SelfFIt;
			productName = SelfFIt;
			productReference = F95EC5922BFF68CD00164CE7 /* SelfFIt.app */;
			productType = "com.apple.product-type.application";
		};
/* End PBXNativeTarget section */

/* Begin PBXProject section */
		F95EC58A2BFF68CD00164CE7 /* Project object */ = {
			isa = PBXProject;
			attributes = {
				BuildIndependentTargetsInParallel = 1;
				LastSwiftUpdateCheck = 1530;
				LastUpgradeCheck = 1530;
				TargetAttributes = {
					04D3189C2C0F801E00E90ED9 = {
						CreatedOnToolsVersion = 15.3;
					};
					F95EC5912BFF68CD00164CE7 = {
						CreatedOnToolsVersion = 15.3;
					};
				};
			};
			buildConfigurationList = F95EC58D2BFF68CD00164CE7 /* Build configuration list for PBXProject "SelfFIt" */;
			compatibilityVersion = "Xcode 14.0";
			developmentRegion = en;
			hasScannedForEncodings = 0;
			knownRegions = (
				en,
				Base,
			);
			mainGroup = F95EC5892BFF68CD00164CE7;
			productRefGroup = F95EC5932BFF68CD00164CE7 /* Products */;
			projectDirPath = "";
			projectRoot = "";
			targets = (
				F95EC5912BFF68CD00164CE7 /* SelfFIt */,
				04D3189C2C0F801E00E90ED9 /* WatchSelfFit Watch App */,
			);
		};
/* End PBXProject section */

/* Begin PBXResourcesBuildPhase section */
		04D3189B2C0F801E00E90ED9 /* Resources */ = {
			isa = PBXResourcesBuildPhase;
			buildActionMask = 2147483647;
			files = (
				04D318A72C0F801F00E90ED9 /* Preview Assets.xcassets in Resources */,
				04D318A42C0F801F00E90ED9 /* Assets.xcassets in Resources */,
			);
			runOnlyForDeploymentPostprocessing = 0;
		};
		F95EC5902BFF68CD00164CE7 /* Resources */ = {
			isa = PBXResourcesBuildPhase;
			buildActionMask = 2147483647;
			files = (
				F95EC59F2BFF68D000164CE7 /* Preview Assets.xcassets in Resources */,
				F95EC59C2BFF68D000164CE7 /* Assets.xcassets in Resources */,
				EEDA257C2C05C36E0061938D /* Audios in Resources */,
			);
			runOnlyForDeploymentPostprocessing = 0;
		};
/* End PBXResourcesBuildPhase section */

/* Begin PBXSourcesBuildPhase section */
		04D318992C0F801E00E90ED9 /* Sources */ = {
			isa = PBXSourcesBuildPhase;
			buildActionMask = 2147483647;
			files = (
				04D318B02C0F805A00E90ED9 /* HistoryList.swift in Sources */,
				045246F42C11B76B0004C2FA /* WatchProtocol.swift in Sources */,
				04D318A22C0F801E00E90ED9 /* ContentView.swift in Sources */,
				04D318B12C0F80B900E90ED9 /* Exercise.swift in Sources */,
				04D318B22C0F80B900E90ED9 /* LegRaise.swift in Sources */,
				04D318B72C0F872000E90ED9 /* WatchToIOS.swift in Sources */,
				04D318B92C0F887600E90ED9 /* HistoryRow.swift in Sources */,
				04D318B32C0F80B900E90ED9 /* Plank.swift in Sources */,
				04D318BB2C0F892900E90ED9 /* LegRaiseFeedback.swift in Sources */,
				04D318A02C0F801E00E90ED9 /* WatchSelfFitApp.swift in Sources */,
			);
			runOnlyForDeploymentPostprocessing = 0;
		};
		F95EC58E2BFF68CD00164CE7 /* Sources */ = {
			isa = PBXSourcesBuildPhase;
			buildActionMask = 2147483647;
			files = (
				EEDBE6162C09D1E2009AA5E8 /* PlankTimer.swift in Sources */,
				04D318B52C0F867100E90ED9 /* WatchConnector.swift in Sources */,
				F95EC5B92BFF796600164CE7 /* PreparationPlankForm.swift in Sources */,
				F95EC5982BFF68CD00164CE7 /* ContentView.swift in Sources */,
				EE5104F72C0B717100F4F623 /* LegraiseDetection.mlmodel in Sources */,
				04840B092BFF946300C7B02C /* Plank.swift in Sources */,
				045246F32C11B76B0004C2FA /* WatchProtocol.swift in Sources */,
				F95EC5A72BFF6CEB00164CE7 /* HistoryList.swift in Sources */,
				041715622C005D9D00DFF76F /* HighlightBackground.swift in Sources */,
				EEA9C1D52BFFD3950083BC9A /* PlankCameraService.swift in Sources */,
				046350912BFF808B00F68CBD /* ExerciseRow.swift in Sources */,
				0463508D2BFF7C0A00F68CBD /* HighlightView.swift in Sources */,
				046350932BFF848600F68CBD /* HistoryRow.swift in Sources */,
				F95EC5962BFF68CD00164CE7 /* SelfFItApp.swift in Sources */,
				F95EC5BE2BFF958800164CE7 /* PreparationLegRaisesForm.swift in Sources */,
				F95EC5AB2BFF6D6800164CE7 /* ExerciseHome.swift in Sources */,
				04840B0B2BFF946D00C7B02C /* LegRaise.swift in Sources */,
				EEA9C1D72BFFD3B10083BC9A /* PlankExercise.swift in Sources */,
				04840B072BFF93FA00C7B02C /* Exercise.swift in Sources */,
				041715602C0057D200DFF76F /* HighlightItem.swift in Sources */,
				EECAD6272C002EB700286944 /* LegRaiseCameraService.swift in Sources */,
				EECAD62B2C002F0600286944 /* LegRaiseExercise.swift in Sources */,
				04840B0F2BFF980E00C7B02C /* LegRaiseFeedback.swift in Sources */,
				04840B052BFF744800C7B02C /* PlankFeedback.swift in Sources */,
				EEDA256C2C05BF4E0061938D /* PlankAudioService.swift in Sources */,
			);
			runOnlyForDeploymentPostprocessing = 0;
		};
/* End PBXSourcesBuildPhase section */

/* Begin PBXTargetDependency section */
		04D318A92C0F801F00E90ED9 /* PBXTargetDependency */ = {
			isa = PBXTargetDependency;
			target = 04D3189C2C0F801E00E90ED9 /* WatchSelfFit Watch App */;
			targetProxy = 04D318A82C0F801F00E90ED9 /* PBXContainerItemProxy */;
		};
/* End PBXTargetDependency section */

/* Begin XCBuildConfiguration section */
		04D318AC2C0F801F00E90ED9 /* Debug */ = {
			isa = XCBuildConfiguration;
			buildSettings = {
				ASSETCATALOG_COMPILER_APPICON_NAME = AppIcon;
				ASSETCATALOG_COMPILER_GLOBAL_ACCENT_COLOR_NAME = AccentColor;
				CODE_SIGN_STYLE = Automatic;
				CURRENT_PROJECT_VERSION = 1;
				DEVELOPMENT_ASSET_PATHS = "\"WatchSelfFit Watch App/Preview Content\"";
				DEVELOPMENT_TEAM = 8K77A3SD3P;
				ENABLE_PREVIEWS = YES;
				GENERATE_INFOPLIST_FILE = YES;
				INFOPLIST_KEY_CFBundleDisplayName = WatchSelfFit;
				INFOPLIST_KEY_UISupportedInterfaceOrientations = "UIInterfaceOrientationPortrait UIInterfaceOrientationPortraitUpsideDown";
				INFOPLIST_KEY_WKCompanionAppBundleIdentifier = MAD.SelfFItALP;
				INFOPLIST_KEY_WKRunsIndependentlyOfCompanionApp = YES;
				LD_RUNPATH_SEARCH_PATHS = (
					"$(inherited)",
					"@executable_path/Frameworks",
				);
				MARKETING_VERSION = 1.0;
				PRODUCT_BUNDLE_IDENTIFIER = MAD.SelfFItALP.watchkitapp;
				PRODUCT_NAME = "$(TARGET_NAME)";
				SDKROOT = watchos;
				SKIP_INSTALL = YES;
				SWIFT_EMIT_LOC_STRINGS = YES;
				SWIFT_VERSION = 5.0;
				TARGETED_DEVICE_FAMILY = 4;
				WATCHOS_DEPLOYMENT_TARGET = 10.4;
			};
			name = Debug;
		};
		04D318AD2C0F801F00E90ED9 /* Release */ = {
			isa = XCBuildConfiguration;
			buildSettings = {
				ASSETCATALOG_COMPILER_APPICON_NAME = AppIcon;
				ASSETCATALOG_COMPILER_GLOBAL_ACCENT_COLOR_NAME = AccentColor;
				CODE_SIGN_STYLE = Automatic;
				CURRENT_PROJECT_VERSION = 1;
				DEVELOPMENT_ASSET_PATHS = "\"WatchSelfFit Watch App/Preview Content\"";
				DEVELOPMENT_TEAM = 8K77A3SD3P;
				ENABLE_PREVIEWS = YES;
				GENERATE_INFOPLIST_FILE = YES;
				INFOPLIST_KEY_CFBundleDisplayName = WatchSelfFit;
				INFOPLIST_KEY_UISupportedInterfaceOrientations = "UIInterfaceOrientationPortrait UIInterfaceOrientationPortraitUpsideDown";
				INFOPLIST_KEY_WKCompanionAppBundleIdentifier = MAD.SelfFItALP;
				INFOPLIST_KEY_WKRunsIndependentlyOfCompanionApp = YES;
				LD_RUNPATH_SEARCH_PATHS = (
					"$(inherited)",
					"@executable_path/Frameworks",
				);
				MARKETING_VERSION = 1.0;
				PRODUCT_BUNDLE_IDENTIFIER = MAD.SelfFItALP.watchkitapp;
				PRODUCT_NAME = "$(TARGET_NAME)";
				SDKROOT = watchos;
				SKIP_INSTALL = YES;
				SWIFT_EMIT_LOC_STRINGS = YES;
				SWIFT_VERSION = 5.0;
				TARGETED_DEVICE_FAMILY = 4;
				WATCHOS_DEPLOYMENT_TARGET = 10.4;
			};
			name = Release;
		};
		F95EC5A02BFF68D000164CE7 /* Debug */ = {
			isa = XCBuildConfiguration;
			buildSettings = {
				ALWAYS_SEARCH_USER_PATHS = NO;
				ASSETCATALOG_COMPILER_GENERATE_SWIFT_ASSET_SYMBOL_EXTENSIONS = YES;
				CLANG_ANALYZER_NONNULL = YES;
				CLANG_ANALYZER_NUMBER_OBJECT_CONVERSION = YES_AGGRESSIVE;
				CLANG_CXX_LANGUAGE_STANDARD = "gnu++20";
				CLANG_ENABLE_MODULES = YES;
				CLANG_ENABLE_OBJC_ARC = YES;
				CLANG_ENABLE_OBJC_WEAK = YES;
				CLANG_WARN_BLOCK_CAPTURE_AUTORELEASING = YES;
				CLANG_WARN_BOOL_CONVERSION = YES;
				CLANG_WARN_COMMA = YES;
				CLANG_WARN_CONSTANT_CONVERSION = YES;
				CLANG_WARN_DEPRECATED_OBJC_IMPLEMENTATIONS = YES;
				CLANG_WARN_DIRECT_OBJC_ISA_USAGE = YES_ERROR;
				CLANG_WARN_DOCUMENTATION_COMMENTS = YES;
				CLANG_WARN_EMPTY_BODY = YES;
				CLANG_WARN_ENUM_CONVERSION = YES;
				CLANG_WARN_INFINITE_RECURSION = YES;
				CLANG_WARN_INT_CONVERSION = YES;
				CLANG_WARN_NON_LITERAL_NULL_CONVERSION = YES;
				CLANG_WARN_OBJC_IMPLICIT_RETAIN_SELF = YES;
				CLANG_WARN_OBJC_LITERAL_CONVERSION = YES;
				CLANG_WARN_OBJC_ROOT_CLASS = YES_ERROR;
				CLANG_WARN_QUOTED_INCLUDE_IN_FRAMEWORK_HEADER = YES;
				CLANG_WARN_RANGE_LOOP_ANALYSIS = YES;
				CLANG_WARN_STRICT_PROTOTYPES = YES;
				CLANG_WARN_SUSPICIOUS_MOVE = YES;
				CLANG_WARN_UNGUARDED_AVAILABILITY = YES_AGGRESSIVE;
				CLANG_WARN_UNREACHABLE_CODE = YES;
				CLANG_WARN__DUPLICATE_METHOD_MATCH = YES;
				COPY_PHASE_STRIP = NO;
				DEBUG_INFORMATION_FORMAT = dwarf;
				ENABLE_STRICT_OBJC_MSGSEND = YES;
				ENABLE_TESTABILITY = YES;
				ENABLE_USER_SCRIPT_SANDBOXING = YES;
				GCC_C_LANGUAGE_STANDARD = gnu17;
				GCC_DYNAMIC_NO_PIC = NO;
				GCC_NO_COMMON_BLOCKS = YES;
				GCC_OPTIMIZATION_LEVEL = 0;
				GCC_PREPROCESSOR_DEFINITIONS = (
					"DEBUG=1",
					"$(inherited)",
				);
				GCC_WARN_64_TO_32_BIT_CONVERSION = YES;
				GCC_WARN_ABOUT_RETURN_TYPE = YES_ERROR;
				GCC_WARN_UNDECLARED_SELECTOR = YES;
				GCC_WARN_UNINITIALIZED_AUTOS = YES_AGGRESSIVE;
				GCC_WARN_UNUSED_FUNCTION = YES;
				GCC_WARN_UNUSED_VARIABLE = YES;
				IPHONEOS_DEPLOYMENT_TARGET = 17.4;
				LOCALIZATION_PREFERS_STRING_CATALOGS = YES;
				MTL_ENABLE_DEBUG_INFO = INCLUDE_SOURCE;
				MTL_FAST_MATH = YES;
				ONLY_ACTIVE_ARCH = YES;
				SDKROOT = iphoneos;
				SWIFT_ACTIVE_COMPILATION_CONDITIONS = "DEBUG $(inherited)";
				SWIFT_OPTIMIZATION_LEVEL = "-Onone";
			};
			name = Debug;
		};
		F95EC5A12BFF68D000164CE7 /* Release */ = {
			isa = XCBuildConfiguration;
			buildSettings = {
				ALWAYS_SEARCH_USER_PATHS = NO;
				ASSETCATALOG_COMPILER_GENERATE_SWIFT_ASSET_SYMBOL_EXTENSIONS = YES;
				CLANG_ANALYZER_NONNULL = YES;
				CLANG_ANALYZER_NUMBER_OBJECT_CONVERSION = YES_AGGRESSIVE;
				CLANG_CXX_LANGUAGE_STANDARD = "gnu++20";
				CLANG_ENABLE_MODULES = YES;
				CLANG_ENABLE_OBJC_ARC = YES;
				CLANG_ENABLE_OBJC_WEAK = YES;
				CLANG_WARN_BLOCK_CAPTURE_AUTORELEASING = YES;
				CLANG_WARN_BOOL_CONVERSION = YES;
				CLANG_WARN_COMMA = YES;
				CLANG_WARN_CONSTANT_CONVERSION = YES;
				CLANG_WARN_DEPRECATED_OBJC_IMPLEMENTATIONS = YES;
				CLANG_WARN_DIRECT_OBJC_ISA_USAGE = YES_ERROR;
				CLANG_WARN_DOCUMENTATION_COMMENTS = YES;
				CLANG_WARN_EMPTY_BODY = YES;
				CLANG_WARN_ENUM_CONVERSION = YES;
				CLANG_WARN_INFINITE_RECURSION = YES;
				CLANG_WARN_INT_CONVERSION = YES;
				CLANG_WARN_NON_LITERAL_NULL_CONVERSION = YES;
				CLANG_WARN_OBJC_IMPLICIT_RETAIN_SELF = YES;
				CLANG_WARN_OBJC_LITERAL_CONVERSION = YES;
				CLANG_WARN_OBJC_ROOT_CLASS = YES_ERROR;
				CLANG_WARN_QUOTED_INCLUDE_IN_FRAMEWORK_HEADER = YES;
				CLANG_WARN_RANGE_LOOP_ANALYSIS = YES;
				CLANG_WARN_STRICT_PROTOTYPES = YES;
				CLANG_WARN_SUSPICIOUS_MOVE = YES;
				CLANG_WARN_UNGUARDED_AVAILABILITY = YES_AGGRESSIVE;
				CLANG_WARN_UNREACHABLE_CODE = YES;
				CLANG_WARN__DUPLICATE_METHOD_MATCH = YES;
				COPY_PHASE_STRIP = NO;
				DEBUG_INFORMATION_FORMAT = "dwarf-with-dsym";
				ENABLE_NS_ASSERTIONS = NO;
				ENABLE_STRICT_OBJC_MSGSEND = YES;
				ENABLE_USER_SCRIPT_SANDBOXING = YES;
				GCC_C_LANGUAGE_STANDARD = gnu17;
				GCC_NO_COMMON_BLOCKS = YES;
				GCC_WARN_64_TO_32_BIT_CONVERSION = YES;
				GCC_WARN_ABOUT_RETURN_TYPE = YES_ERROR;
				GCC_WARN_UNDECLARED_SELECTOR = YES;
				GCC_WARN_UNINITIALIZED_AUTOS = YES_AGGRESSIVE;
				GCC_WARN_UNUSED_FUNCTION = YES;
				GCC_WARN_UNUSED_VARIABLE = YES;
				IPHONEOS_DEPLOYMENT_TARGET = 17.4;
				LOCALIZATION_PREFERS_STRING_CATALOGS = YES;
				MTL_ENABLE_DEBUG_INFO = NO;
				MTL_FAST_MATH = YES;
				SDKROOT = iphoneos;
				SWIFT_COMPILATION_MODE = wholemodule;
				VALIDATE_PRODUCT = YES;
			};
			name = Release;
		};
		F95EC5A32BFF68D000164CE7 /* Debug */ = {
			isa = XCBuildConfiguration;
			buildSettings = {
				ALWAYS_EMBED_SWIFT_STANDARD_LIBRARIES = YES;
				ASSETCATALOG_COMPILER_APPICON_NAME = AppIcon;
				ASSETCATALOG_COMPILER_GLOBAL_ACCENT_COLOR_NAME = AccentColor;
				CODE_SIGN_ENTITLEMENTS = SelfFIt/SelfFIt.entitlements;
				CODE_SIGN_STYLE = Automatic;
				CURRENT_PROJECT_VERSION = 1;
				DEVELOPMENT_ASSET_PATHS = "\"SelfFIt/Preview Content\"";
				DEVELOPMENT_TEAM = 8K77A3SD3P;
				ENABLE_PREVIEWS = YES;
				GENERATE_INFOPLIST_FILE = YES;
				INFOPLIST_FILE = SelfFIt/Info.plist;
				INFOPLIST_KEY_NSCameraUsageDescription = "We need access camera to track your exercise";
				INFOPLIST_KEY_UIApplicationSceneManifest_Generation = YES;
				INFOPLIST_KEY_UIApplicationSupportsIndirectInputEvents = YES;
				INFOPLIST_KEY_UILaunchScreen_Generation = YES;
				INFOPLIST_KEY_UISupportedInterfaceOrientations_iPad = "UIInterfaceOrientationPortrait UIInterfaceOrientationPortraitUpsideDown UIInterfaceOrientationLandscapeLeft UIInterfaceOrientationLandscapeRight";
				INFOPLIST_KEY_UISupportedInterfaceOrientations_iPhone = "UIInterfaceOrientationPortrait UIInterfaceOrientationLandscapeLeft UIInterfaceOrientationLandscapeRight";
				LD_RUNPATH_SEARCH_PATHS = (
					"$(inherited)",
					"@executable_path/Frameworks",
				);
				MARKETING_VERSION = 1.0;
				PRODUCT_BUNDLE_IDENTIFIER = MAD.SelfFItALP;
				PRODUCT_NAME = "$(TARGET_NAME)";
				SUPPORTED_PLATFORMS = "iphoneos iphonesimulator";
				SUPPORTS_MACCATALYST = NO;
				SUPPORTS_XR_DESIGNED_FOR_IPHONE_IPAD = NO;
				SWIFT_EMIT_LOC_STRINGS = YES;
				SWIFT_VERSION = 5.0;
				TARGETED_DEVICE_FAMILY = "1,2";
			};
			name = Debug;
		};
		F95EC5A42BFF68D000164CE7 /* Release */ = {
			isa = XCBuildConfiguration;
			buildSettings = {
				ALWAYS_EMBED_SWIFT_STANDARD_LIBRARIES = YES;
				ASSETCATALOG_COMPILER_APPICON_NAME = AppIcon;
				ASSETCATALOG_COMPILER_GLOBAL_ACCENT_COLOR_NAME = AccentColor;
				CODE_SIGN_ENTITLEMENTS = SelfFIt/SelfFIt.entitlements;
				CODE_SIGN_STYLE = Automatic;
				CURRENT_PROJECT_VERSION = 1;
				DEVELOPMENT_ASSET_PATHS = "\"SelfFIt/Preview Content\"";
				DEVELOPMENT_TEAM = 8K77A3SD3P;
				ENABLE_PREVIEWS = YES;
				GENERATE_INFOPLIST_FILE = YES;
				INFOPLIST_FILE = SelfFIt/Info.plist;
				INFOPLIST_KEY_NSCameraUsageDescription = "We need access camera to track your exercise";
				INFOPLIST_KEY_UIApplicationSceneManifest_Generation = YES;
				INFOPLIST_KEY_UIApplicationSupportsIndirectInputEvents = YES;
				INFOPLIST_KEY_UILaunchScreen_Generation = YES;
				INFOPLIST_KEY_UISupportedInterfaceOrientations_iPad = "UIInterfaceOrientationPortrait UIInterfaceOrientationPortraitUpsideDown UIInterfaceOrientationLandscapeLeft UIInterfaceOrientationLandscapeRight";
				INFOPLIST_KEY_UISupportedInterfaceOrientations_iPhone = "UIInterfaceOrientationPortrait UIInterfaceOrientationLandscapeLeft UIInterfaceOrientationLandscapeRight";
				LD_RUNPATH_SEARCH_PATHS = (
					"$(inherited)",
					"@executable_path/Frameworks",
				);
				MARKETING_VERSION = 1.0;
				PRODUCT_BUNDLE_IDENTIFIER = MAD.SelfFItALP;
				PRODUCT_NAME = "$(TARGET_NAME)";
				SUPPORTED_PLATFORMS = "iphoneos iphonesimulator";
				SUPPORTS_MACCATALYST = NO;
				SUPPORTS_XR_DESIGNED_FOR_IPHONE_IPAD = NO;
				SWIFT_EMIT_LOC_STRINGS = YES;
				SWIFT_VERSION = 5.0;
				TARGETED_DEVICE_FAMILY = "1,2";
			};
			name = Release;
		};
/* End XCBuildConfiguration section */

/* Begin XCConfigurationList section */
		04D318AE2C0F801F00E90ED9 /* Build configuration list for PBXNativeTarget "WatchSelfFit Watch App" */ = {
			isa = XCConfigurationList;
			buildConfigurations = (
				04D318AC2C0F801F00E90ED9 /* Debug */,
				04D318AD2C0F801F00E90ED9 /* Release */,
			);
			defaultConfigurationIsVisible = 0;
			defaultConfigurationName = Release;
		};
		F95EC58D2BFF68CD00164CE7 /* Build configuration list for PBXProject "SelfFIt" */ = {
			isa = XCConfigurationList;
			buildConfigurations = (
				F95EC5A02BFF68D000164CE7 /* Debug */,
				F95EC5A12BFF68D000164CE7 /* Release */,
			);
			defaultConfigurationIsVisible = 0;
			defaultConfigurationName = Release;
		};
		F95EC5A22BFF68D000164CE7 /* Build configuration list for PBXNativeTarget "SelfFIt" */ = {
			isa = XCConfigurationList;
			buildConfigurations = (
				F95EC5A32BFF68D000164CE7 /* Debug */,
				F95EC5A42BFF68D000164CE7 /* Release */,
			);
			defaultConfigurationIsVisible = 0;
			defaultConfigurationName = Release;
		};
/* End XCConfigurationList section */
	};
	rootObject = F95EC58A2BFF68CD00164CE7 /* Project object */;
}
